
Microsoft Visual Studio Solution File, Format Version 12.00
# Visual Studio Version 17
VisualStudioVersion = 17.7.34031.279
MinimumVisualStudioVersion = 10.0.40219.1
Project("{8BC9CEB8-8B4A-11D0-8D11-00A0C91BC942}") = "Engine", "Engine\Engine.vcxproj", "{4EFF0F8B-0679-4133-BEF1-EC473A44AC58}"
EndProject
Project("{8BC9CEB8-8B4A-11D0-8D11-00A0C91BC942}") = "Application", "Application\Application.vcxproj", "{185C3137-BBE9-4749-B40F-6EAD1A6D00C9}"
EndProject
Global
	GlobalSection(SolutionConfigurationPlatforms) = preSolution
		Debug|x64 = Debug|x64
		Debug|x86 = Debug|x86
		Release|x64 = Release|x64
		Release|x86 = Release|x86
	EndGlobalSection
	GlobalSection(ProjectConfigurationPlatforms) = postSolution
		{4EFF0F8B-0679-4133-BEF1-EC473A44AC58}.Debug|x64.ActiveCfg = Debug|x64
		{4EFF0F8B-0679-4133-BEF1-EC473A44AC58}.Debug|x64.Build.0 = Debug|x64
		{4EFF0F8B-0679-4133-BEF1-EC473A44AC58}.Debug|x86.ActiveCfg = Debug|x64
		{4EFF0F8B-0679-4133-BEF1-EC473A44AC58}.Debug|x86.Build.0 = Debug|x64
		{4EFF0F8B-0679-4133-BEF1-EC473A44AC58}.Release|x64.ActiveCfg = Release|x64
		{4EFF0F8B-0679-4133-BEF1-EC473A44AC58}.Release|x64.Build.0 = Release|x64
		{4EFF0F8B-0679-4133-BEF1-EC473A44AC58}.Release|x86.ActiveCfg = Release|x64
		{4EFF0F8B-0679-4133-BEF1-EC473A44AC58}.Release|x86.Build.0 = Release|x64
		{185C3137-BBE9-4749-B40F-6EAD1A6D00C9}.Debug|x64.ActiveCfg = Debug|x64
		{185C3137-BBE9-4749-B40F-6EAD1A6D00C9}.Debug|x64.Build.0 = Debug|x64
		{185C3137-BBE9-4749-B40F-6EAD1A6D00C9}.Debug|x86.ActiveCfg = Debug|Win32
		{185C3137-BBE9-4749-B40F-6EAD1A6D00C9}.Debug|x86.Build.0 = Debug|Win32
		{185C3137-BBE9-4749-B40F-6EAD1A6D00C9}.Release|x64.ActiveCfg = Release|x64
		{185C3137-BBE9-4749-B40F-6EAD1A6D00C9}.Release|x64.Build.0 = Release|x64
		{185C3137-BBE9-4749-B40F-6EAD1A6D00C9}.Release|x86.ActiveCfg = Release|Win32
		{185C3137-BBE9-4749-B40F-6EAD1A6D00C9}.Release|x86.Build.0 = Release|Win32
	EndGlobalSection
	GlobalSection(SolutionProperties) = preSolution
		HideSolutionNode = FALSE
	EndGlobalSection
	GlobalSection(ExtensibilityGlobals) = postSolution
		SolutionGuid = {D22CD438-584B-4ED7-91F6-3D5AA67470AB}
	EndGlobalSection
EndGlobal
